
Microsoft Visual Studio Solution File, Format Version 12.00
# Visual Studio 2012
Project("{FAE04EC0-301F-11D3-BF4B-00C04F79EFBC}") = "Granfeldt.PowerShell.ManagementAgent", "Granfeldt.PowerShell.ManagementAgent\Granfeldt.PowerShell.ManagementAgent.csproj", "{453939DF-1F68-4DE5-A96E-66C1E0DC3DC5}"
EndProject
Global
	GlobalSection(SolutionConfigurationPlatforms) = preSolution
		Debug|Any CPU = Debug|Any CPU
		Release|Any CPU = Release|Any CPU
	EndGlobalSection
	GlobalSection(ProjectConfigurationPlatforms) = postSolution
		{453939DF-1F68-4DE5-A96E-66C1E0DC3DC5}.Debug|Any CPU.ActiveCfg = Debug|Any CPU
		{453939DF-1F68-4DE5-A96E-66C1E0DC3DC5}.Debug|Any CPU.Build.0 = Debug|Any CPU
		{453939DF-1F68-4DE5-A96E-66C1E0DC3DC5}.Release|Any CPU.ActiveCfg = Release|Any CPU
		{453939DF-1F68-4DE5-A96E-66C1E0DC3DC5}.Release|Any CPU.Build.0 = Release|Any CPU
	EndGlobalSection
	GlobalSection(SolutionProperties) = preSolution
		HideSolutionNode = FALSE
	EndGlobalSection
EndGlobal
